
Microsoft Visual Studio Solution File, Format Version 12.00
# Visual Studio Version 17
VisualStudioVersion = 17.11.35327.3
MinimumVisualStudioVersion = 10.0.40219.1
Project("{FAE04EC0-301F-11D3-BF4B-00C04F79EFBC}") = "SM2", "SM2.csproj", "{EB3B3D75-38D8-4F59-9C47-C97C7336B813}"
EndProject
Global
	GlobalSection(SolutionConfigurationPlatforms) = preSolution
		Debug|Any CPU = Debug|Any CPU
		Release|Any CPU = Release|Any CPU
	EndGlobalSection
	GlobalSection(ProjectConfigurationPlatforms) = postSolution
		{EB3B3D75-38D8-4F59-9C47-C97C7336B813}.Debug|Any CPU.ActiveCfg = Debug|Any CPU
		{EB3B3D75-38D8-4F59-9C47-C97C7336B813}.Debug|Any CPU.Build.0 = Debug|Any CPU
		{EB3B3D75-38D8-4F59-9C47-C97C7336B813}.Release|Any CPU.ActiveCfg = Release|Any CPU
		{EB3B3D75-38D8-4F59-9C47-C97C7336B813}.Release|Any CPU.Build.0 = Release|Any CPU
	EndGlobalSection
	GlobalSection(SolutionProperties) = preSolution
		HideSolutionNode = FALSE
	EndGlobalSection
	GlobalSection(ExtensibilityGlobals) = postSolution
		SolutionGuid = {5B835D84-D944-497B-A0D1-28C37D7F7454}
	EndGlobalSection
EndGlobal
