
Microsoft Visual Studio Solution File, Format Version 12.00
# Visual Studio 15
VisualStudioVersion = 15.0.27428.2043
MinimumVisualStudioVersion = 10.0.40219.1
Project("{FAE04EC0-301F-11D3-BF4B-00C04F79EFBC}") = "SamaneMoadian", "SamaneMoadian\SamaneMoadian.csproj", "{74220135-A823-44AB-B251-7000D9ADDD1B}"
EndProject
Global
	GlobalSection(SolutionConfigurationPlatforms) = preSolution
		Debug|Any CPU = Debug|Any CPU
		Release|Any CPU = Release|Any CPU
	EndGlobalSection
	GlobalSection(ProjectConfigurationPlatforms) = postSolution
		{74220135-A823-44AB-B251-7000D9ADDD1B}.Debug|Any CPU.ActiveCfg = Debug|Any CPU
		{74220135-A823-44AB-B251-7000D9ADDD1B}.Debug|Any CPU.Build.0 = Debug|Any CPU
		{74220135-A823-44AB-B251-7000D9ADDD1B}.Release|Any CPU.ActiveCfg = Release|Any CPU
		{74220135-A823-44AB-B251-7000D9ADDD1B}.Release|Any CPU.Build.0 = Release|Any CPU
	EndGlobalSection
	GlobalSection(SolutionProperties) = preSolution
		HideSolutionNode = FALSE
	EndGlobalSection
	GlobalSection(ExtensibilityGlobals) = postSolution
		SolutionGuid = {7A93B1A2-F101-4E93-AD11-C47B58556F49}
	EndGlobalSection
EndGlobal
