
Microsoft Visual Studio Solution File, Format Version 12.00
# Visual Studio Version 16
VisualStudioVersion = 16.0.30104.148
MinimumVisualStudioVersion = 10.0.40219.1
Project("{E24C65DC-7377-472B-9ABA-BC803B73C61A}") = "Municipality", "E:\File&Db\Sourcen\Municipality\", "{6347CD7D-8AFC-48C2-910E-0DFD7FB00E55}"
	ProjectSection(WebsiteProperties) = preProject
		TargetFrameworkMoniker = ".NETFramework,Version%3Dv4.5"
		Debug.AspNetCompiler.VirtualPath = "/localhost_61692"
		Debug.AspNetCompiler.PhysicalPath = "E:\File&Db\Sourcen\Municipality\"
		Debug.AspNetCompiler.TargetPath = "PrecompiledWeb\localhost_61692\"
		Debug.AspNetCompiler.Updateable = "true"
		Debug.AspNetCompiler.ForceOverwrite = "true"
		Debug.AspNetCompiler.FixedNames = "false"
		Debug.AspNetCompiler.Debug = "True"
		Release.AspNetCompiler.VirtualPath = "/localhost_61692"
		Release.AspNetCompiler.PhysicalPath = "E:\File&Db\Sourcen\Municipality\"
		Release.AspNetCompiler.TargetPath = "PrecompiledWeb\localhost_61692\"
		Release.AspNetCompiler.Updateable = "true"
		Release.AspNetCompiler.ForceOverwrite = "true"
		Release.AspNetCompiler.FixedNames = "false"
		Release.AspNetCompiler.Debug = "False"
		VWDPort = "61692"
		SlnRelativePath = "E:\File&Db\Sourcen\Municipality\"
	EndProjectSection
EndProject
Global
	GlobalSection(SolutionConfigurationPlatforms) = preSolution
		Debug|Any CPU = Debug|Any CPU
	EndGlobalSection
	GlobalSection(ProjectConfigurationPlatforms) = postSolution
		{6347CD7D-8AFC-48C2-910E-0DFD7FB00E55}.Debug|Any CPU.ActiveCfg = Debug|Any CPU
		{6347CD7D-8AFC-48C2-910E-0DFD7FB00E55}.Debug|Any CPU.Build.0 = Debug|Any CPU
	EndGlobalSection
	GlobalSection(SolutionProperties) = preSolution
		HideSolutionNode = FALSE
	EndGlobalSection
	GlobalSection(ExtensibilityGlobals) = postSolution
		SolutionGuid = {26AD1727-3E96-4089-A5BF-70353CF08830}
	EndGlobalSection
EndGlobal
